
Microsoft Visual Studio Solution File, Format Version 12.00
# Visual Studio Version 17
VisualStudioVersion = 17.11.35327.3
MinimumVisualStudioVersion = 10.0.40219.1
Project("{FAE04EC0-301F-11D3-BF4B-00C04F79EFBC}") = "PAGINA", "PAGINA\PAGINA.csproj", "{5EEB6B23-B9B4-4F3F-96FB-BD98AD3F79B8}"
EndProject
Project("{FAE04EC0-301F-11D3-BF4B-00C04F79EFBC}") = "CapaDatos", "CapaDatos\CapaDatos.csproj", "{DE4210AD-4BA5-4826-8A61-201F9A57CB95}"
EndProject
Project("{FAE04EC0-301F-11D3-BF4B-00C04F79EFBC}") = "CapaConexion", "CapaConexion\CapaConexion.csproj", "{958EA2B7-DD8F-407D-83CE-3F63E37A102D}"
EndProject
Project("{FAE04EC0-301F-11D3-BF4B-00C04F79EFBC}") = "CapaNegocio", "Capanegocio\CapaNegocio.csproj", "{E682788E-EA2E-4A07-B42B-4443EB851E0D}"
EndProject
Project("{FAE04EC0-301F-11D3-BF4B-00C04F79EFBC}") = "PRUEBA SELENIUM", "PRUEBA SELENIUM\PRUEBA SELENIUM.csproj", "{39B8150A-EEFF-4D21-9236-7A4EADD4C651}"
EndProject
Global
	GlobalSection(SolutionConfigurationPlatforms) = preSolution
		Debug|Any CPU = Debug|Any CPU
		Release|Any CPU = Release|Any CPU
	EndGlobalSection
	GlobalSection(ProjectConfigurationPlatforms) = postSolution
		{5EEB6B23-B9B4-4F3F-96FB-BD98AD3F79B8}.Debug|Any CPU.ActiveCfg = Debug|Any CPU
		{5EEB6B23-B9B4-4F3F-96FB-BD98AD3F79B8}.Debug|Any CPU.Build.0 = Debug|Any CPU
		{5EEB6B23-B9B4-4F3F-96FB-BD98AD3F79B8}.Release|Any CPU.ActiveCfg = Release|Any CPU
		{5EEB6B23-B9B4-4F3F-96FB-BD98AD3F79B8}.Release|Any CPU.Build.0 = Release|Any CPU
		{DE4210AD-4BA5-4826-8A61-201F9A57CB95}.Debug|Any CPU.ActiveCfg = Debug|Any CPU
		{DE4210AD-4BA5-4826-8A61-201F9A57CB95}.Debug|Any CPU.Build.0 = Debug|Any CPU
		{DE4210AD-4BA5-4826-8A61-201F9A57CB95}.Release|Any CPU.ActiveCfg = Release|Any CPU
		{DE4210AD-4BA5-4826-8A61-201F9A57CB95}.Release|Any CPU.Build.0 = Release|Any CPU
		{958EA2B7-DD8F-407D-83CE-3F63E37A102D}.Debug|Any CPU.ActiveCfg = Debug|Any CPU
		{958EA2B7-DD8F-407D-83CE-3F63E37A102D}.Debug|Any CPU.Build.0 = Debug|Any CPU
		{958EA2B7-DD8F-407D-83CE-3F63E37A102D}.Release|Any CPU.ActiveCfg = Release|Any CPU
		{958EA2B7-DD8F-407D-83CE-3F63E37A102D}.Release|Any CPU.Build.0 = Release|Any CPU
		{E682788E-EA2E-4A07-B42B-4443EB851E0D}.Debug|Any CPU.ActiveCfg = Debug|Any CPU
		{E682788E-EA2E-4A07-B42B-4443EB851E0D}.Debug|Any CPU.Build.0 = Debug|Any CPU
		{E682788E-EA2E-4A07-B42B-4443EB851E0D}.Release|Any CPU.ActiveCfg = Release|Any CPU
		{E682788E-EA2E-4A07-B42B-4443EB851E0D}.Release|Any CPU.Build.0 = Release|Any CPU
		{39B8150A-EEFF-4D21-9236-7A4EADD4C651}.Debug|Any CPU.ActiveCfg = Debug|Any CPU
		{39B8150A-EEFF-4D21-9236-7A4EADD4C651}.Debug|Any CPU.Build.0 = Debug|Any CPU
		{39B8150A-EEFF-4D21-9236-7A4EADD4C651}.Release|Any CPU.ActiveCfg = Release|Any CPU
		{39B8150A-EEFF-4D21-9236-7A4EADD4C651}.Release|Any CPU.Build.0 = Release|Any CPU
	EndGlobalSection
	GlobalSection(SolutionProperties) = preSolution
		HideSolutionNode = FALSE
	EndGlobalSection
	GlobalSection(ExtensibilityGlobals) = postSolution
		SolutionGuid = {331A7E87-5517-4C8C-A65D-C960B3AF8901}
	EndGlobalSection
EndGlobal
